// !$*UTF8*$!
{
	archiveVersion = 1;
	classes = {
	};
	objectVersion = 56;
	objects = {

/* Begin PBXBuildFile section */
		531DA3142BC04B61005C1082 /* SpotifyHomeView.swift in Sources */ = {isa = PBXBuildFile; fileRef = 531DA3132BC04B61005C1082 /* SpotifyHomeView.swift */; };
		535A71132BBF0765000F7B58 /* SDWebImageSwiftUI in Frameworks */ = {isa = PBXBuildFile; productRef = 535A71122BBF0765000F7B58 /* SDWebImageSwiftUI */; };
		535A71182BBF08C0000F7B58 /* ImageLoaderView.swift in Sources */ = {isa = PBXBuildFile; fileRef = 535A71172BBF08C0000F7B58 /* ImageLoaderView.swift */; };
		535A711A2BBF0937000F7B58 /* Constants.swift in Sources */ = {isa = PBXBuildFile; fileRef = 535A71192BBF0937000F7B58 /* Constants.swift */; };
		535A711C2BBF1E0D000F7B58 /* DatabaseHelper.swift in Sources */ = {isa = PBXBuildFile; fileRef = 535A711B2BBF1E0D000F7B58 /* DatabaseHelper.swift */; };
		535A711E2BBF2426000F7B58 /* Product.swift in Sources */ = {isa = PBXBuildFile; fileRef = 535A711D2BBF2426000F7B58 /* Product.swift */; };
		535A71202BBF243D000F7B58 /* User.swift in Sources */ = {isa = PBXBuildFile; fileRef = 535A711F2BBF243D000F7B58 /* User.swift */; };
		535A71232BBF296F000F7B58 /* SwiftfulUI in Frameworks */ = {isa = PBXBuildFile; productRef = 535A71222BBF296F000F7B58 /* SwiftfulUI */; };
		535A71262BBF2989000F7B58 /* SwiftfulRouting in Frameworks */ = {isa = PBXBuildFile; productRef = 535A71252BBF2989000F7B58 /* SwiftfulRouting */; };
		537668B02BBDB48300684484 /* SwiftiefyApp.swift in Sources */ = {isa = PBXBuildFile; fileRef = 537668AF2BBDB48300684484 /* SwiftiefyApp.swift */; };
		537668B22BBDB48300684484 /* ContentView.swift in Sources */ = {isa = PBXBuildFile; fileRef = 537668B12BBDB48300684484 /* ContentView.swift */; };
		537668B42BBDB48600684484 /* Assets.xcassets in Resources */ = {isa = PBXBuildFile; fileRef = 537668B32BBDB48600684484 /* Assets.xcassets */; };
		537668B82BBDB48600684484 /* Preview Assets.xcassets in Resources */ = {isa = PBXBuildFile; fileRef = 537668B72BBDB48600684484 /* Preview Assets.xcassets */; };
		53AD0D6E2BC18240002E93DE /* SpotifyCategoryCell.swift in Sources */ = {isa = PBXBuildFile; fileRef = 53AD0D6D2BC18240002E93DE /* SpotifyCategoryCell.swift */; };
		53AD0D722BC18A0E002E93DE /* Category.swift in Sources */ = {isa = PBXBuildFile; fileRef = 53AD0D712BC18A0E002E93DE /* Category.swift */; };
		53AD0D742BC1ACCF002E93DE /* SpotifyRecentsCell.swift in Sources */ = {isa = PBXBuildFile; fileRef = 53AD0D732BC1ACCF002E93DE /* SpotifyRecentsCell.swift */; };
		53AD0D762BC21221002E93DE /* SpotifyNewReleaseCell.swift in Sources */ = {isa = PBXBuildFile; fileRef = 53AD0D752BC21221002E93DE /* SpotifyNewReleaseCell.swift */; };
		53D09AAF2BC985B700E2AC71 /* SpotifyPlaylistView.swift in Sources */ = {isa = PBXBuildFile; fileRef = 53D09AAE2BC985B600E2AC71 /* SpotifyPlaylistView.swift */; };
		53D09AB12BC985F000E2AC71 /* PlaylistHeaderCell.swift in Sources */ = {isa = PBXBuildFile; fileRef = 53D09AB02BC985F000E2AC71 /* PlaylistHeaderCell.swift */; };
		53D09AB32BCBED9B00E2AC71 /* PlaylistDescriptionCell.swift in Sources */ = {isa = PBXBuildFile; fileRef = 53D09AB22BCBED9B00E2AC71 /* PlaylistDescriptionCell.swift */; };
		53D09AB52BCBFC0F00E2AC71 /* SongRowCell.swift in Sources */ = {isa = PBXBuildFile; fileRef = 53D09AB42BCBFC0F00E2AC71 /* SongRowCell.swift */; };
		53EEA1EE2BC4364100398E30 /* SpotifyImageTitleRowCell.swift in Sources */ = {isa = PBXBuildFile; fileRef = 53EEA1ED2BC4364100398E30 /* SpotifyImageTitleRowCell.swift */; };
/* End PBXBuildFile section */

/* Begin PBXFileReference section */
		531DA3132BC04B61005C1082 /* SpotifyHomeView.swift */ = {isa = PBXFileReference; lastKnownFileType = sourcecode.swift; path = SpotifyHomeView.swift; sourceTree = "<group>"; };
		535A71172BBF08C0000F7B58 /* ImageLoaderView.swift */ = {isa = PBXFileReference; lastKnownFileType = sourcecode.swift; path = ImageLoaderView.swift; sourceTree = "<group>"; };
		535A71192BBF0937000F7B58 /* Constants.swift */ = {isa = PBXFileReference; lastKnownFileType = sourcecode.swift; path = Constants.swift; sourceTree = "<group>"; };
		535A711B2BBF1E0D000F7B58 /* DatabaseHelper.swift */ = {isa = PBXFileReference; lastKnownFileType = sourcecode.swift; path = DatabaseHelper.swift; sourceTree = "<group>"; };
		535A711D2BBF2426000F7B58 /* Product.swift */ = {isa = PBXFileReference; lastKnownFileType = sourcecode.swift; path = Product.swift; sourceTree = "<group>"; };
		535A711F2BBF243D000F7B58 /* User.swift */ = {isa = PBXFileReference; lastKnownFileType = sourcecode.swift; path = User.swift; sourceTree = "<group>"; };
		537668AC2BBDB48300684484 /* Swiftiefy.app */ = {isa = PBXFileReference; explicitFileType = wrapper.application; includeInIndex = 0; path = Swiftiefy.app; sourceTree = BUILT_PRODUCTS_DIR; };
		537668AF2BBDB48300684484 /* SwiftiefyApp.swift */ = {isa = PBXFileReference; lastKnownFileType = sourcecode.swift; path = SwiftiefyApp.swift; sourceTree = "<group>"; };
		537668B12BBDB48300684484 /* ContentView.swift */ = {isa = PBXFileReference; lastKnownFileType = sourcecode.swift; path = ContentView.swift; sourceTree = "<group>"; };
		537668B32BBDB48600684484 /* Assets.xcassets */ = {isa = PBXFileReference; lastKnownFileType = folder.assetcatalog; path = Assets.xcassets; sourceTree = "<group>"; };
		537668B52BBDB48600684484 /* Swiftiefy.entitlements */ = {isa = PBXFileReference; lastKnownFileType = text.plist.entitlements; path = Swiftiefy.entitlements; sourceTree = "<group>"; };
		537668B72BBDB48600684484 /* Preview Assets.xcassets */ = {isa = PBXFileReference; lastKnownFileType = folder.assetcatalog; path = "Preview Assets.xcassets"; sourceTree = "<group>"; };
		53AD0D6D2BC18240002E93DE /* SpotifyCategoryCell.swift */ = {isa = PBXFileReference; lastKnownFileType = sourcecode.swift; path = SpotifyCategoryCell.swift; sourceTree = "<group>"; };
		53AD0D712BC18A0E002E93DE /* Category.swift */ = {isa = PBXFileReference; lastKnownFileType = sourcecode.swift; path = Category.swift; sourceTree = "<group>"; };
		53AD0D732BC1ACCF002E93DE /* SpotifyRecentsCell.swift */ = {isa = PBXFileReference; lastKnownFileType = sourcecode.swift; path = SpotifyRecentsCell.swift; sourceTree = "<group>"; };
		53AD0D752BC21221002E93DE /* SpotifyNewReleaseCell.swift */ = {isa = PBXFileReference; lastKnownFileType = sourcecode.swift; path = SpotifyNewReleaseCell.swift; sourceTree = "<group>"; };
		53D09AAE2BC985B600E2AC71 /* SpotifyPlaylistView.swift */ = {isa = PBXFileReference; lastKnownFileType = sourcecode.swift; path = SpotifyPlaylistView.swift; sourceTree = "<group>"; };
		53D09AB02BC985F000E2AC71 /* PlaylistHeaderCell.swift */ = {isa = PBXFileReference; lastKnownFileType = sourcecode.swift; path = PlaylistHeaderCell.swift; sourceTree = "<group>"; };
		53D09AB22BCBED9B00E2AC71 /* PlaylistDescriptionCell.swift */ = {isa = PBXFileReference; lastKnownFileType = sourcecode.swift; path = PlaylistDescriptionCell.swift; sourceTree = "<group>"; };
		53D09AB42BCBFC0F00E2AC71 /* SongRowCell.swift */ = {isa = PBXFileReference; lastKnownFileType = sourcecode.swift; path = SongRowCell.swift; sourceTree = "<group>"; };
		53EEA1ED2BC4364100398E30 /* SpotifyImageTitleRowCell.swift */ = {isa = PBXFileReference; lastKnownFileType = sourcecode.swift; path = SpotifyImageTitleRowCell.swift; sourceTree = "<group>"; };
/* End PBXFileReference section */

/* Begin PBXFrameworksBuildPhase section */
		537668A92BBDB48300684484 /* Frameworks */ = {
			isa = PBXFrameworksBuildPhase;
			buildActionMask = 2147483647;
			files = (
				535A71232BBF296F000F7B58 /* SwiftfulUI in Frameworks */,
				535A71262BBF2989000F7B58 /* SwiftfulRouting in Frameworks */,
				535A71132BBF0765000F7B58 /* SDWebImageSwiftUI in Frameworks */,
			);
			runOnlyForDeploymentPostprocessing = 0;
		};
/* End PBXFrameworksBuildPhase section */

/* Begin PBXGroup section */
		531DA3102BC04B1D005C1082 /* Spotify */ = {
			isa = PBXGroup;
			children = (
				53AD0D702BC189F9002E93DE /* Models */,
				531DA3122BC04B38005C1082 /* Components */,
				531DA3112BC04B33005C1082 /* Core */,
			);
			path = Spotify;
			sourceTree = "<group>";
		};
		531DA3112BC04B33005C1082 /* Core */ = {
			isa = PBXGroup;
			children = (
				531DA3132BC04B61005C1082 /* SpotifyHomeView.swift */,
				53D09AAE2BC985B600E2AC71 /* SpotifyPlaylistView.swift */,
			);
			path = Core;
			sourceTree = "<group>";
		};
		531DA3122BC04B38005C1082 /* Components */ = {
			isa = PBXGroup;
			children = (
				53AD0D6D2BC18240002E93DE /* SpotifyCategoryCell.swift */,
				53AD0D732BC1ACCF002E93DE /* SpotifyRecentsCell.swift */,
				53AD0D752BC21221002E93DE /* SpotifyNewReleaseCell.swift */,
				53EEA1ED2BC4364100398E30 /* SpotifyImageTitleRowCell.swift */,
				53D09AB02BC985F000E2AC71 /* PlaylistHeaderCell.swift */,
				53D09AB22BCBED9B00E2AC71 /* PlaylistDescriptionCell.swift */,
				53D09AB42BCBFC0F00E2AC71 /* SongRowCell.swift */,
			);
			path = Components;
			sourceTree = "<group>";
		};
		535A71142BBF07AF000F7B58 /* Shared */ = {
			isa = PBXGroup;
			children = (
				535A71172BBF08C0000F7B58 /* ImageLoaderView.swift */,
				535A71192BBF0937000F7B58 /* Constants.swift */,
				535A711B2BBF1E0D000F7B58 /* DatabaseHelper.swift */,
				535A711D2BBF2426000F7B58 /* Product.swift */,
				535A711F2BBF243D000F7B58 /* User.swift */,
			);
			path = Shared;
			sourceTree = "<group>";
		};
		537668A32BBDB48300684484 = {
			isa = PBXGroup;
			children = (
				537668AE2BBDB48300684484 /* Swiftiefy */,
				537668AD2BBDB48300684484 /* Products */,
			);
			sourceTree = "<group>";
		};
		537668AD2BBDB48300684484 /* Products */ = {
			isa = PBXGroup;
			children = (
				537668AC2BBDB48300684484 /* Swiftiefy.app */,
			);
			name = Products;
			sourceTree = "<group>";
		};
		537668AE2BBDB48300684484 /* Swiftiefy */ = {
			isa = PBXGroup;
			children = (
				537668AF2BBDB48300684484 /* SwiftiefyApp.swift */,
				537668B12BBDB48300684484 /* ContentView.swift */,
				531DA3102BC04B1D005C1082 /* Spotify */,
				535A71142BBF07AF000F7B58 /* Shared */,
				537668B32BBDB48600684484 /* Assets.xcassets */,
				537668B52BBDB48600684484 /* Swiftiefy.entitlements */,
				537668B62BBDB48600684484 /* Preview Content */,
			);
			path = Swiftiefy;
			sourceTree = "<group>";
		};
		537668B62BBDB48600684484 /* Preview Content */ = {
			isa = PBXGroup;
			children = (
				537668B72BBDB48600684484 /* Preview Assets.xcassets */,
			);
			path = "Preview Content";
			sourceTree = "<group>";
		};
		53AD0D702BC189F9002E93DE /* Models */ = {
			isa = PBXGroup;
			children = (
				53AD0D712BC18A0E002E93DE /* Category.swift */,
			);
			path = Models;
			sourceTree = "<group>";
		};
/* End PBXGroup section */

/* Begin PBXNativeTarget section */
		537668AB2BBDB48300684484 /* Swiftiefy */ = {
			isa = PBXNativeTarget;
			buildConfigurationList = 537668BB2BBDB48600684484 /* Build configuration list for PBXNativeTarget "Swiftiefy" */;
			buildPhases = (
				537668A82BBDB48300684484 /* Sources */,
				537668A92BBDB48300684484 /* Frameworks */,
				537668AA2BBDB48300684484 /* Resources */,
			);
			buildRules = (
			);
			dependencies = (
			);
			name = Swiftiefy;
			packageProductDependencies = (
				535A71122BBF0765000F7B58 /* SDWebImageSwiftUI */,
				535A71222BBF296F000F7B58 /* SwiftfulUI */,
				535A71252BBF2989000F7B58 /* SwiftfulRouting */,
			);
			productName = Swiftiefy;
			productReference = 537668AC2BBDB48300684484 /* Swiftiefy.app */;
			productType = "com.apple.product-type.application";
		};
/* End PBXNativeTarget section */

/* Begin PBXProject section */
		537668A42BBDB48300684484 /* Project object */ = {
			isa = PBXProject;
			attributes = {
				BuildIndependentTargetsInParallel = 1;
				LastSwiftUpdateCheck = 1530;
				LastUpgradeCheck = 1530;
				TargetAttributes = {
					537668AB2BBDB48300684484 = {
						CreatedOnToolsVersion = 15.3;
					};
				};
			};
			buildConfigurationList = 537668A72BBDB48300684484 /* Build configuration list for PBXProject "Swiftiefy" */;
			compatibilityVersion = "Xcode 14.0";
			developmentRegion = en;
			hasScannedForEncodings = 0;
			knownRegions = (
				en,
				Base,
			);
			mainGroup = 537668A32BBDB48300684484;
			packageReferences = (
				535A71112BBF0765000F7B58 /* XCRemoteSwiftPackageReference "SDWebImageSwiftUI" */,
				535A71212BBF296F000F7B58 /* XCRemoteSwiftPackageReference "SwiftfulUI" */,
				535A71242BBF2989000F7B58 /* XCRemoteSwiftPackageReference "SwiftfulRouting" */,
			);
			productRefGroup = 537668AD2BBDB48300684484 /* Products */;
			projectDirPath = "";
			projectRoot = "";
			targets = (
				537668AB2BBDB48300684484 /* Swiftiefy */,
			);
		};
/* End PBXProject section */

/* Begin PBXResourcesBuildPhase section */
		537668AA2BBDB48300684484 /* Resources */ = {
			isa = PBXResourcesBuildPhase;
			buildActionMask = 2147483647;
			files = (
				537668B82BBDB48600684484 /* Preview Assets.xcassets in Resources */,
				537668B42BBDB48600684484 /* Assets.xcassets in Resources */,
			);
			runOnlyForDeploymentPostprocessing = 0;
		};
/* End PBXResourcesBuildPhase section */

/* Begin PBXSourcesBuildPhase section */
		537668A82BBDB48300684484 /* Sources */ = {
			isa = PBXSourcesBuildPhase;
			buildActionMask = 2147483647;
			files = (
				535A71182BBF08C0000F7B58 /* ImageLoaderView.swift in Sources */,
				53AD0D722BC18A0E002E93DE /* Category.swift in Sources */,
				53AD0D6E2BC18240002E93DE /* SpotifyCategoryCell.swift in Sources */,
				53AD0D762BC21221002E93DE /* SpotifyNewReleaseCell.swift in Sources */,
				53D09AB12BC985F000E2AC71 /* PlaylistHeaderCell.swift in Sources */,
				535A711C2BBF1E0D000F7B58 /* DatabaseHelper.swift in Sources */,
				531DA3142BC04B61005C1082 /* SpotifyHomeView.swift in Sources */,
				537668B22BBDB48300684484 /* ContentView.swift in Sources */,
				53D09AAF2BC985B700E2AC71 /* SpotifyPlaylistView.swift in Sources */,
				53D09AB32BCBED9B00E2AC71 /* PlaylistDescriptionCell.swift in Sources */,
				537668B02BBDB48300684484 /* SwiftiefyApp.swift in Sources */,
				535A711A2BBF0937000F7B58 /* Constants.swift in Sources */,
				53AD0D742BC1ACCF002E93DE /* SpotifyRecentsCell.swift in Sources */,
				535A711E2BBF2426000F7B58 /* Product.swift in Sources */,
				53D09AB52BCBFC0F00E2AC71 /* SongRowCell.swift in Sources */,
				53EEA1EE2BC4364100398E30 /* SpotifyImageTitleRowCell.swift in Sources */,
				535A71202BBF243D000F7B58 /* User.swift in Sources */,
			);
			runOnlyForDeploymentPostprocessing = 0;
		};
/* End PBXSourcesBuildPhase section */

/* Begin XCBuildConfiguration section */
		537668B92BBDB48600684484 /* Debug */ = {
			isa = XCBuildConfiguration;
			buildSettings = {
				ALWAYS_SEARCH_USER_PATHS = NO;
				ASSETCATALOG_COMPILER_GENERATE_SWIFT_ASSET_SYMBOL_EXTENSIONS = YES;
				CLANG_ANALYZER_NONNULL = YES;
				CLANG_ANALYZER_NUMBER_OBJECT_CONVERSION = YES_AGGRESSIVE;
				CLANG_CXX_LANGUAGE_STANDARD = "gnu++20";
				CLANG_ENABLE_MODULES = YES;
				CLANG_ENABLE_OBJC_ARC = YES;
				CLANG_ENABLE_OBJC_WEAK = YES;
				CLANG_WARN_BLOCK_CAPTURE_AUTORELEASING = YES;
				CLANG_WARN_BOOL_CONVERSION = YES;
				CLANG_WARN_COMMA = YES;
				CLANG_WARN_CONSTANT_CONVERSION = YES;
				CLANG_WARN_DEPRECATED_OBJC_IMPLEMENTATIONS = YES;
				CLANG_WARN_DIRECT_OBJC_ISA_USAGE = YES_ERROR;
				CLANG_WARN_DOCUMENTATION_COMMENTS = YES;
				CLANG_WARN_EMPTY_BODY = YES;
				CLANG_WARN_ENUM_CONVERSION = YES;
				CLANG_WARN_INFINITE_RECURSION = YES;
				CLANG_WARN_INT_CONVERSION = YES;
				CLANG_WARN_NON_LITERAL_NULL_CONVERSION = YES;
				CLANG_WARN_OBJC_IMPLICIT_RETAIN_SELF = YES;
				CLANG_WARN_OBJC_LITERAL_CONVERSION = YES;
				CLANG_WARN_OBJC_ROOT_CLASS = YES_ERROR;
				CLANG_WARN_QUOTED_INCLUDE_IN_FRAMEWORK_HEADER = YES;
				CLANG_WARN_RANGE_LOOP_ANALYSIS = YES;
				CLANG_WARN_STRICT_PROTOTYPES = YES;
				CLANG_WARN_SUSPICIOUS_MOVE = YES;
				CLANG_WARN_UNGUARDED_AVAILABILITY = YES_AGGRESSIVE;
				CLANG_WARN_UNREACHABLE_CODE = YES;
				CLANG_WARN__DUPLICATE_METHOD_MATCH = YES;
				COPY_PHASE_STRIP = NO;
				DEBUG_INFORMATION_FORMAT = dwarf;
				ENABLE_STRICT_OBJC_MSGSEND = YES;
				ENABLE_TESTABILITY = YES;
				ENABLE_USER_SCRIPT_SANDBOXING = YES;
				GCC_C_LANGUAGE_STANDARD = gnu17;
				GCC_DYNAMIC_NO_PIC = NO;
				GCC_NO_COMMON_BLOCKS = YES;
				GCC_OPTIMIZATION_LEVEL = 0;
				GCC_PREPROCESSOR_DEFINITIONS = (
					"DEBUG=1",
					"$(inherited)",
				);
				GCC_WARN_64_TO_32_BIT_CONVERSION = YES;
				GCC_WARN_ABOUT_RETURN_TYPE = YES_ERROR;
				GCC_WARN_UNDECLARED_SELECTOR = YES;
				GCC_WARN_UNINITIALIZED_AUTOS = YES_AGGRESSIVE;
				GCC_WARN_UNUSED_FUNCTION = YES;
				GCC_WARN_UNUSED_VARIABLE = YES;
				LOCALIZATION_PREFERS_STRING_CATALOGS = YES;
				MTL_ENABLE_DEBUG_INFO = INCLUDE_SOURCE;
				MTL_FAST_MATH = YES;
				ONLY_ACTIVE_ARCH = YES;
				SWIFT_ACTIVE_COMPILATION_CONDITIONS = "DEBUG $(inherited)";
				SWIFT_OPTIMIZATION_LEVEL = "-Onone";
			};
			name = Debug;
		};
		537668BA2BBDB48600684484 /* Release */ = {
			isa = XCBuildConfiguration;
			buildSettings = {
				ALWAYS_SEARCH_USER_PATHS = NO;
				ASSETCATALOG_COMPILER_GENERATE_SWIFT_ASSET_SYMBOL_EXTENSIONS = YES;
				CLANG_ANALYZER_NONNULL = YES;
				CLANG_ANALYZER_NUMBER_OBJECT_CONVERSION = YES_AGGRESSIVE;
				CLANG_CXX_LANGUAGE_STANDARD = "gnu++20";
				CLANG_ENABLE_MODULES = YES;
				CLANG_ENABLE_OBJC_ARC = YES;
				CLANG_ENABLE_OBJC_WEAK = YES;
				CLANG_WARN_BLOCK_CAPTURE_AUTORELEASING = YES;
				CLANG_WARN_BOOL_CONVERSION = YES;
				CLANG_WARN_COMMA = YES;
				CLANG_WARN_CONSTANT_CONVERSION = YES;
				CLANG_WARN_DEPRECATED_OBJC_IMPLEMENTATIONS = YES;
				CLANG_WARN_DIRECT_OBJC_ISA_USAGE = YES_ERROR;
				CLANG_WARN_DOCUMENTATION_COMMENTS = YES;
				CLANG_WARN_EMPTY_BODY = YES;
				CLANG_WARN_ENUM_CONVERSION = YES;
				CLANG_WARN_INFINITE_RECURSION = YES;
				CLANG_WARN_INT_CONVERSION = YES;
				CLANG_WARN_NON_LITERAL_NULL_CONVERSION = YES;
				CLANG_WARN_OBJC_IMPLICIT_RETAIN_SELF = YES;
				CLANG_WARN_OBJC_LITERAL_CONVERSION = YES;
				CLANG_WARN_OBJC_ROOT_CLASS = YES_ERROR;
				CLANG_WARN_QUOTED_INCLUDE_IN_FRAMEWORK_HEADER = YES;
				CLANG_WARN_RANGE_LOOP_ANALYSIS = YES;
				CLANG_WARN_STRICT_PROTOTYPES = YES;
				CLANG_WARN_SUSPICIOUS_MOVE = YES;
				CLANG_WARN_UNGUARDED_AVAILABILITY = YES_AGGRESSIVE;
				CLANG_WARN_UNREACHABLE_CODE = YES;
				CLANG_WARN__DUPLICATE_METHOD_MATCH = YES;
				COPY_PHASE_STRIP = NO;
				DEBUG_INFORMATION_FORMAT = "dwarf-with-dsym";
				ENABLE_NS_ASSERTIONS = NO;
				ENABLE_STRICT_OBJC_MSGSEND = YES;
				ENABLE_USER_SCRIPT_SANDBOXING = YES;
				GCC_C_LANGUAGE_STANDARD = gnu17;
				GCC_NO_COMMON_BLOCKS = YES;
				GCC_WARN_64_TO_32_BIT_CONVERSION = YES;
				GCC_WARN_ABOUT_RETURN_TYPE = YES_ERROR;
				GCC_WARN_UNDECLARED_SELECTOR = YES;
				GCC_WARN_UNINITIALIZED_AUTOS = YES_AGGRESSIVE;
				GCC_WARN_UNUSED_FUNCTION = YES;
				GCC_WARN_UNUSED_VARIABLE = YES;
				LOCALIZATION_PREFERS_STRING_CATALOGS = YES;
				MTL_ENABLE_DEBUG_INFO = NO;
				MTL_FAST_MATH = YES;
				SWIFT_COMPILATION_MODE = wholemodule;
			};
			name = Release;
		};
		537668BC2BBDB48600684484 /* Debug */ = {
			isa = XCBuildConfiguration;
			buildSettings = {
				ASSETCATALOG_COMPILER_APPICON_NAME = AppIcon;
				ASSETCATALOG_COMPILER_GLOBAL_ACCENT_COLOR_NAME = AccentColor;
				CODE_SIGN_ENTITLEMENTS = Swiftiefy/Swiftiefy.entitlements;
				CODE_SIGN_STYLE = Automatic;
				CURRENT_PROJECT_VERSION = 1;
				DEVELOPMENT_ASSET_PATHS = "\"Swiftiefy/Preview Content\"";
				DEVELOPMENT_TEAM = 35PGH436K3;
				ENABLE_HARDENED_RUNTIME = YES;
				ENABLE_PREVIEWS = YES;
				GENERATE_INFOPLIST_FILE = YES;
				"INFOPLIST_KEY_UIApplicationSceneManifest_Generation[sdk=iphoneos*]" = YES;
				"INFOPLIST_KEY_UIApplicationSceneManifest_Generation[sdk=iphonesimulator*]" = YES;
				"INFOPLIST_KEY_UIApplicationSupportsIndirectInputEvents[sdk=iphoneos*]" = YES;
				"INFOPLIST_KEY_UIApplicationSupportsIndirectInputEvents[sdk=iphonesimulator*]" = YES;
				"INFOPLIST_KEY_UILaunchScreen_Generation[sdk=iphoneos*]" = YES;
				"INFOPLIST_KEY_UILaunchScreen_Generation[sdk=iphonesimulator*]" = YES;
				"INFOPLIST_KEY_UIStatusBarStyle[sdk=iphoneos*]" = UIStatusBarStyleDefault;
				"INFOPLIST_KEY_UIStatusBarStyle[sdk=iphonesimulator*]" = UIStatusBarStyleDefault;
				INFOPLIST_KEY_UISupportedInterfaceOrientations_iPad = "UIInterfaceOrientationPortrait UIInterfaceOrientationPortraitUpsideDown UIInterfaceOrientationLandscapeLeft UIInterfaceOrientationLandscapeRight";
				INFOPLIST_KEY_UISupportedInterfaceOrientations_iPhone = "UIInterfaceOrientationPortrait UIInterfaceOrientationLandscapeLeft UIInterfaceOrientationLandscapeRight";
				IPHONEOS_DEPLOYMENT_TARGET = 17.0;
				LD_RUNPATH_SEARCH_PATHS = "@executable_path/Frameworks";
				"LD_RUNPATH_SEARCH_PATHS[sdk=macosx*]" = "@executable_path/../Frameworks";
				MACOSX_DEPLOYMENT_TARGET = 14.0;
				MARKETING_VERSION = 1.0;
				PRODUCT_BUNDLE_IDENTIFIER = co.msb.Swiftiefy;
				PRODUCT_NAME = "$(TARGET_NAME)";
				SDKROOT = auto;
				SUPPORTED_PLATFORMS = "iphoneos iphonesimulator macosx";
				SWIFT_EMIT_LOC_STRINGS = YES;
				SWIFT_VERSION = 5.0;
				TARGETED_DEVICE_FAMILY = "1,2";
			};
			name = Debug;
		};
		537668BD2BBDB48600684484 /* Release */ = {
			isa = XCBuildConfiguration;
			buildSettings = {
				ASSETCATALOG_COMPILER_APPICON_NAME = AppIcon;
				ASSETCATALOG_COMPILER_GLOBAL_ACCENT_COLOR_NAME = AccentColor;
				CODE_SIGN_ENTITLEMENTS = Swiftiefy/Swiftiefy.entitlements;
				CODE_SIGN_STYLE = Automatic;
				CURRENT_PROJECT_VERSION = 1;
				DEVELOPMENT_ASSET_PATHS = "\"Swiftiefy/Preview Content\"";
				DEVELOPMENT_TEAM = 35PGH436K3;
				ENABLE_HARDENED_RUNTIME = YES;
				ENABLE_PREVIEWS = YES;
				GENERATE_INFOPLIST_FILE = YES;
				"INFOPLIST_KEY_UIApplicationSceneManifest_Generation[sdk=iphoneos*]" = YES;
				"INFOPLIST_KEY_UIApplicationSceneManifest_Generation[sdk=iphonesimulator*]" = YES;
				"INFOPLIST_KEY_UIApplicationSupportsIndirectInputEvents[sdk=iphoneos*]" = YES;
				"INFOPLIST_KEY_UIApplicationSupportsIndirectInputEvents[sdk=iphonesimulator*]" = YES;
				"INFOPLIST_KEY_UILaunchScreen_Generation[sdk=iphoneos*]" = YES;
				"INFOPLIST_KEY_UILaunchScreen_Generation[sdk=iphonesimulator*]" = YES;
				"INFOPLIST_KEY_UIStatusBarStyle[sdk=iphoneos*]" = UIStatusBarStyleDefault;
				"INFOPLIST_KEY_UIStatusBarStyle[sdk=iphonesimulator*]" = UIStatusBarStyleDefault;
				INFOPLIST_KEY_UISupportedInterfaceOrientations_iPad = "UIInterfaceOrientationPortrait UIInterfaceOrientationPortraitUpsideDown UIInterfaceOrientationLandscapeLeft UIInterfaceOrientationLandscapeRight";
				INFOPLIST_KEY_UISupportedInterfaceOrientations_iPhone = "UIInterfaceOrientationPortrait UIInterfaceOrientationLandscapeLeft UIInterfaceOrientationLandscapeRight";
				IPHONEOS_DEPLOYMENT_TARGET = 17.0;
				LD_RUNPATH_SEARCH_PATHS = "@executable_path/Frameworks";
				"LD_RUNPATH_SEARCH_PATHS[sdk=macosx*]" = "@executable_path/../Frameworks";
				MACOSX_DEPLOYMENT_TARGET = 14.0;
				MARKETING_VERSION = 1.0;
				PRODUCT_BUNDLE_IDENTIFIER = co.msb.Swiftiefy;
				PRODUCT_NAME = "$(TARGET_NAME)";
				SDKROOT = auto;
				SUPPORTED_PLATFORMS = "iphoneos iphonesimulator macosx";
				SWIFT_EMIT_LOC_STRINGS = YES;
				SWIFT_VERSION = 5.0;
				TARGETED_DEVICE_FAMILY = "1,2";
			};
			name = Release;
		};
/* End XCBuildConfiguration section */

/* Begin XCConfigurationList section */
		537668A72BBDB48300684484 /* Build configuration list for PBXProject "Swiftiefy" */ = {
			isa = XCConfigurationList;
			buildConfigurations = (
				537668B92BBDB48600684484 /* Debug */,
				537668BA2BBDB48600684484 /* Release */,
			);
			defaultConfigurationIsVisible = 0;
			defaultConfigurationName = Release;
		};
		537668BB2BBDB48600684484 /* Build configuration list for PBXNativeTarget "Swiftiefy" */ = {
			isa = XCConfigurationList;
			buildConfigurations = (
				537668BC2BBDB48600684484 /* Debug */,
				537668BD2BBDB48600684484 /* Release */,
			);
			defaultConfigurationIsVisible = 0;
			defaultConfigurationName = Release;
		};
/* End XCConfigurationList section */

/* Begin XCRemoteSwiftPackageReference section */
		535A71112BBF0765000F7B58 /* XCRemoteSwiftPackageReference "SDWebImageSwiftUI" */ = {
			isa = XCRemoteSwiftPackageReference;
			repositoryURL = "https://github.com/SDWebImage/SDWebImageSwiftUI.git";
			requirement = {
				kind = upToNextMajorVersion;
				minimumVersion = 3.0.2;
			};
		};
		535A71212BBF296F000F7B58 /* XCRemoteSwiftPackageReference "SwiftfulUI" */ = {
			isa = XCRemoteSwiftPackageReference;
			repositoryURL = "https://github.com/SwiftfulThinking/SwiftfulUI.git";
			requirement = {
				kind = upToNextMajorVersion;
				minimumVersion = 1.2.0;
			};
		};
		535A71242BBF2989000F7B58 /* XCRemoteSwiftPackageReference "SwiftfulRouting" */ = {
			isa = XCRemoteSwiftPackageReference;
			repositoryURL = "https://github.com/SwiftfulThinking/SwiftfulRouting.git";
			requirement = {
				kind = upToNextMajorVersion;
				minimumVersion = 5.3.2;
			};
		};
/* End XCRemoteSwiftPackageReference section */

/* Begin XCSwiftPackageProductDependency section */
		535A71122BBF0765000F7B58 /* SDWebImageSwiftUI */ = {
			isa = XCSwiftPackageProductDependency;
			package = 535A71112BBF0765000F7B58 /* XCRemoteSwiftPackageReference "SDWebImageSwiftUI" */;
			productName = SDWebImageSwiftUI;
		};
		535A71222BBF296F000F7B58 /* SwiftfulUI */ = {
			isa = XCSwiftPackageProductDependency;
			package = 535A71212BBF296F000F7B58 /* XCRemoteSwiftPackageReference "SwiftfulUI" */;
			productName = SwiftfulUI;
		};
		535A71252BBF2989000F7B58 /* SwiftfulRouting */ = {
			isa = XCSwiftPackageProductDependency;
			package = 535A71242BBF2989000F7B58 /* XCRemoteSwiftPackageReference "SwiftfulRouting" */;
			productName = SwiftfulRouting;
		};
/* End XCSwiftPackageProductDependency section */
	};
	rootObject = 537668A42BBDB48300684484 /* Project object */;
}
